
Microsoft Visual Studio Solution File, Format Version 12.00
# Visual Studio 14
VisualStudioVersion = 14.0.25420.1
MinimumVisualStudioVersion = 10.0.40219.1
Project("{8BC9CEB8-8B4A-11D0-8D11-00A0C91BC942}") = "HelloWorld", "HelloWorld\HelloWorld.vcxproj", "{104CCCF7-1F9D-4EE6-8437-E371A6BDC26E}"
	ProjectSection(ProjectDependencies) = postProject
		{0E7F7EFD-2E14-44DB-9E71-BD66C611DD6D} = {0E7F7EFD-2E14-44DB-9E71-BD66C611DD6D}
	EndProjectSection
EndProject
Project("{8BC9CEB8-8B4A-11D0-8D11-00A0C91BC942}") = "HelloWorldUI", "HelloWorldUi\HelloWorldUi.vcxproj", "{0E7F7EFD-2E14-44DB-9E71-BD66C611DD6D}"
EndProject
Project("{FAE04EC0-301F-11D3-BF4B-00C04F79EFBC}") = "HelloWorldVSIX", "HelloWorld\HelloWorldVSIX\HelloWorldVSIX.csproj", "{F7FA8FF8-0D39-4A9D-A678-701EB897944E}"
EndProject
Global
	GlobalSection(SolutionConfigurationPlatforms) = preSolution
		Debug|Any CPU = Debug|Any CPU
		Debug|x86 = Debug|x86
		Release|Any CPU = Release|Any CPU
		Release|x86 = Release|x86
	EndGlobalSection
	GlobalSection(ProjectConfigurationPlatforms) = postSolution
		{104CCCF7-1F9D-4EE6-8437-E371A6BDC26E}.Debug|Any CPU.ActiveCfg = Debug|Win32
		{104CCCF7-1F9D-4EE6-8437-E371A6BDC26E}.Debug|x86.ActiveCfg = Debug|Win32
		{104CCCF7-1F9D-4EE6-8437-E371A6BDC26E}.Debug|x86.Build.0 = Debug|Win32
		{104CCCF7-1F9D-4EE6-8437-E371A6BDC26E}.Release|Any CPU.ActiveCfg = Release|Win32
		{104CCCF7-1F9D-4EE6-8437-E371A6BDC26E}.Release|x86.ActiveCfg = Release|Win32
		{104CCCF7-1F9D-4EE6-8437-E371A6BDC26E}.Release|x86.Build.0 = Release|Win32
		{0E7F7EFD-2E14-44DB-9E71-BD66C611DD6D}.Debug|Any CPU.ActiveCfg = Debug|Win32
		{0E7F7EFD-2E14-44DB-9E71-BD66C611DD6D}.Debug|x86.ActiveCfg = Debug|Win32
		{0E7F7EFD-2E14-44DB-9E71-BD66C611DD6D}.Debug|x86.Build.0 = Debug|Win32
		{0E7F7EFD-2E14-44DB-9E71-BD66C611DD6D}.Release|Any CPU.ActiveCfg = Release|Win32
		{0E7F7EFD-2E14-44DB-9E71-BD66C611DD6D}.Release|x86.ActiveCfg = Release|Win32
		{0E7F7EFD-2E14-44DB-9E71-BD66C611DD6D}.Release|x86.Build.0 = Release|Win32
		{F7FA8FF8-0D39-4A9D-A678-701EB897944E}.Debug|Any CPU.ActiveCfg = Debug|Any CPU
		{F7FA8FF8-0D39-4A9D-A678-701EB897944E}.Debug|Any CPU.Build.0 = Debug|Any CPU
		{F7FA8FF8-0D39-4A9D-A678-701EB897944E}.Debug|x86.ActiveCfg = Debug|Any CPU
		{F7FA8FF8-0D39-4A9D-A678-701EB897944E}.Debug|x86.Build.0 = Debug|Any CPU
		{F7FA8FF8-0D39-4A9D-A678-701EB897944E}.Release|Any CPU.ActiveCfg = Release|Any CPU
		{F7FA8FF8-0D39-4A9D-A678-701EB897944E}.Release|Any CPU.Build.0 = Release|Any CPU
		{F7FA8FF8-0D39-4A9D-A678-701EB897944E}.Release|x86.ActiveCfg = Release|Any CPU
		{F7FA8FF8-0D39-4A9D-A678-701EB897944E}.Release|x86.Build.0 = Release|Any CPU
	EndGlobalSection
	GlobalSection(SolutionProperties) = preSolution
		HideSolutionNode = FALSE
	EndGlobalSection
EndGlobal
